{
	"name": "@replayio/puppeteer",
	"version": "0.1.46",
	"lockfileVersion": 2,
	"requires": true,
	"packages": {
		"": {
			"name": "@replayio/puppeteer",
			"version": "0.1.45",
			"license": "BSD-3-Clause",
			"bin": {
				"replayio-puppeteer": "bin/replayio-puppeteer.js"
			},
			"devDependencies": {
				"@types/node": "^17.0.21"
			}
		},
		"node_modules/@types/node": {
			"version": "17.0.29",
			"resolved": "https://registry.npmjs.org/@types/node/-/node-17.0.29.tgz",
			"integrity": "sha512-tx5jMmMFwx7wBwq/V7OohKDVb/JwJU5qCVkeLMh1//xycAJ/ESuw9aJ9SEtlCZDYi2pBfe4JkisSoAtbOsBNAA==",
			"dev": true
		}
	},
	"dependencies": {
		"@types/node": {
			"version": "17.0.29",
			"resolved": "https://registry.npmjs.org/@types/node/-/node-17.0.29.tgz",
			"integrity": "sha512-tx5jMmMFwx7wBwq/V7OohKDVb/JwJU5qCVkeLMh1//xycAJ/ESuw9aJ9SEtlCZDYi2pBfe4JkisSoAtbOsBNAA==",
			"dev": true
		}
	}
}
