{
	"name": "@replayio/puppeteer",
	"version": "0.1.24",
	"lockfileVersion": 1,
	"requires": true,
	"dependencies": {
		"@types/node": {
			"version": "17.0.29",
			"resolved": "https://registry.npmjs.org/@types/node/-/node-17.0.29.tgz",
			"integrity": "sha512-tx5jMmMFwx7wBwq/V7OohKDVb/JwJU5qCVkeLMh1//xycAJ/ESuw9aJ9SEtlCZDYi2pBfe4JkisSoAtbOsBNAA==",
			"dev": true
		}
	}
}
